
Microsoft Visual Studio Solution File, Format Version 12.00
# Visual Studio 15
VisualStudioVersion = 15.0.26124.0
MinimumVisualStudioVersion = 15.0.26124.0
Project("{2150E333-8FDC-42A3-9474-1A3956D46DE8}") = ".paket", ".paket", "{E7569F9B-362F-41D8-A940-12BA8ECFDD3C}"
	ProjectSection(SolutionItems) = preProject
		paket.dependencies = paket.dependencies
	EndProjectSection
EndProject
Project("{F2A71F9B-5D33-465A-A702-920D77279786}") = "CW Tools", "CWTools\CWTools.fsproj", "{20A27DD3-DC4B-43E7-B261-533CACCBC69A}"
EndProject
Project("{FAE04EC0-301F-11D3-BF4B-00C04F79EFBC}") = "CWToolsCSTests", "CWToolsCSTests\CWToolsCSTests.csproj", "{15555D10-55F5-44AD-9016-528A8C923097}"
EndProject
Global
	GlobalSection(SolutionConfigurationPlatforms) = preSolution
		Debug|Any CPU = Debug|Any CPU
		Debug|x64 = Debug|x64
		Debug|x86 = Debug|x86
		Release|Any CPU = Release|Any CPU
		Release|x64 = Release|x64
		Release|x86 = Release|x86
	EndGlobalSection
	GlobalSection(SolutionProperties) = preSolution
		HideSolutionNode = FALSE
	EndGlobalSection
	GlobalSection(ProjectConfigurationPlatforms) = postSolution
		{F16BFA60-D782-4525-B370-5307FCCE096E}.Debug|Any CPU.ActiveCfg = Debug|Any CPU
		{F16BFA60-D782-4525-B370-5307FCCE096E}.Debug|Any CPU.Build.0 = Debug|Any CPU
		{F16BFA60-D782-4525-B370-5307FCCE096E}.Debug|x64.ActiveCfg = Debug|x64
		{F16BFA60-D782-4525-B370-5307FCCE096E}.Debug|x64.Build.0 = Debug|x64
		{F16BFA60-D782-4525-B370-5307FCCE096E}.Debug|x86.ActiveCfg = Debug|x86
		{F16BFA60-D782-4525-B370-5307FCCE096E}.Debug|x86.Build.0 = Debug|x86
		{F16BFA60-D782-4525-B370-5307FCCE096E}.Release|Any CPU.ActiveCfg = Release|Any CPU
		{F16BFA60-D782-4525-B370-5307FCCE096E}.Release|Any CPU.Build.0 = Release|Any CPU
		{F16BFA60-D782-4525-B370-5307FCCE096E}.Release|x64.ActiveCfg = Release|x64
		{F16BFA60-D782-4525-B370-5307FCCE096E}.Release|x64.Build.0 = Release|x64
		{F16BFA60-D782-4525-B370-5307FCCE096E}.Release|x86.ActiveCfg = Release|x86
		{F16BFA60-D782-4525-B370-5307FCCE096E}.Release|x86.Build.0 = Release|x86
		{1B660CF2-87C6-4381-B297-F7FF03D84F07}.Debug|Any CPU.ActiveCfg = Debug|Any CPU
		{1B660CF2-87C6-4381-B297-F7FF03D84F07}.Debug|Any CPU.Build.0 = Debug|Any CPU
		{1B660CF2-87C6-4381-B297-F7FF03D84F07}.Debug|x64.ActiveCfg = Debug|x64
		{1B660CF2-87C6-4381-B297-F7FF03D84F07}.Debug|x64.Build.0 = Debug|x64
		{1B660CF2-87C6-4381-B297-F7FF03D84F07}.Debug|x86.ActiveCfg = Debug|x86
		{1B660CF2-87C6-4381-B297-F7FF03D84F07}.Debug|x86.Build.0 = Debug|x86
		{1B660CF2-87C6-4381-B297-F7FF03D84F07}.Release|Any CPU.ActiveCfg = Release|Any CPU
		{1B660CF2-87C6-4381-B297-F7FF03D84F07}.Release|Any CPU.Build.0 = Release|Any CPU
		{1B660CF2-87C6-4381-B297-F7FF03D84F07}.Release|x64.ActiveCfg = Release|x64
		{1B660CF2-87C6-4381-B297-F7FF03D84F07}.Release|x64.Build.0 = Release|x64
		{1B660CF2-87C6-4381-B297-F7FF03D84F07}.Release|x86.ActiveCfg = Release|x86
		{1B660CF2-87C6-4381-B297-F7FF03D84F07}.Release|x86.Build.0 = Release|x86
		{20A27DD3-DC4B-43E7-B261-533CACCBC69A}.Debug|Any CPU.ActiveCfg = Debug|Any CPU
		{20A27DD3-DC4B-43E7-B261-533CACCBC69A}.Debug|Any CPU.Build.0 = Debug|Any CPU
		{20A27DD3-DC4B-43E7-B261-533CACCBC69A}.Debug|x64.ActiveCfg = Debug|x64
		{20A27DD3-DC4B-43E7-B261-533CACCBC69A}.Debug|x64.Build.0 = Debug|x64
		{20A27DD3-DC4B-43E7-B261-533CACCBC69A}.Debug|x86.ActiveCfg = Debug|x86
		{20A27DD3-DC4B-43E7-B261-533CACCBC69A}.Debug|x86.Build.0 = Debug|x86
		{20A27DD3-DC4B-43E7-B261-533CACCBC69A}.Release|Any CPU.ActiveCfg = Release|Any CPU
		{20A27DD3-DC4B-43E7-B261-533CACCBC69A}.Release|Any CPU.Build.0 = Release|Any CPU
		{20A27DD3-DC4B-43E7-B261-533CACCBC69A}.Release|x64.ActiveCfg = Release|x64
		{20A27DD3-DC4B-43E7-B261-533CACCBC69A}.Release|x64.Build.0 = Release|x64
		{20A27DD3-DC4B-43E7-B261-533CACCBC69A}.Release|x86.ActiveCfg = Release|x86
		{20A27DD3-DC4B-43E7-B261-533CACCBC69A}.Release|x86.Build.0 = Release|x86
		{15555D10-55F5-44AD-9016-528A8C923097}.Debug|Any CPU.ActiveCfg = Debug|Any CPU
		{15555D10-55F5-44AD-9016-528A8C923097}.Debug|Any CPU.Build.0 = Debug|Any CPU
		{15555D10-55F5-44AD-9016-528A8C923097}.Debug|x64.ActiveCfg = Debug|Any CPU
		{15555D10-55F5-44AD-9016-528A8C923097}.Debug|x64.Build.0 = Debug|Any CPU
		{15555D10-55F5-44AD-9016-528A8C923097}.Debug|x86.ActiveCfg = Debug|Any CPU
		{15555D10-55F5-44AD-9016-528A8C923097}.Debug|x86.Build.0 = Debug|Any CPU
		{15555D10-55F5-44AD-9016-528A8C923097}.Release|Any CPU.ActiveCfg = Release|Any CPU
		{15555D10-55F5-44AD-9016-528A8C923097}.Release|Any CPU.Build.0 = Release|Any CPU
		{15555D10-55F5-44AD-9016-528A8C923097}.Release|x64.ActiveCfg = Release|Any CPU
		{15555D10-55F5-44AD-9016-528A8C923097}.Release|x64.Build.0 = Release|Any CPU
		{15555D10-55F5-44AD-9016-528A8C923097}.Release|x86.ActiveCfg = Release|Any CPU
		{15555D10-55F5-44AD-9016-528A8C923097}.Release|x86.Build.0 = Release|Any CPU
	EndGlobalSection
EndGlobal
