
Microsoft Visual Studio Solution File, Format Version 12.00
# Visual Studio 15
VisualStudioVersion = 15.0.26124.0
MinimumVisualStudioVersion = 15.0.26124.0
Project("{F2A71F9B-5D33-465A-A702-920D77279786}") = "CWTools", "CWTools\CWTools.fsproj", "{3F1CDDAF-D51F-49F0-9B59-A979C9AB1DB9}"
EndProject
Project("{F2A71F9B-5D33-465A-A702-920D77279786}") = "CWToolsTests", "CWToolsTests\CWToolsTests.fsproj", "{4D57C624-273D-4D38-8F1D-CE9AE1F2AA62}"
EndProject
Project("{F2A71F9B-5D33-465A-A702-920D77279786}") = "CWToolsCLI", "CWToolsCLI\CWToolsCLI.fsproj", "{009331D5-9B95-4A35-8299-F4794796D984}"
EndProject
Project("{FAE04EC0-301F-11D3-BF4B-00C04F79EFBC}") = "CWToolsCSTests", "CWToolsCSTests\CWToolsCSTests.csproj", "{C286B479-2DD9-4F91-BDE3-6AC02B315BA9}"
EndProject
Project("{F2A71F9B-5D33-465A-A702-920D77279786}") = "CWToolsDocs", "CWToolsDocs\CWToolsDocs.fsproj", "{AA4D4200-D88E-4D55-B4DB-A4E4B557A0B2}"
EndProject
Project("{F2A71F9B-5D33-465A-A702-920D77279786}") = "CWToolsScripts", "CWToolsScripts\CWToolsScripts.fsproj", "{EA21F6FF-7ADD-4FBC-8F9B-8DF24F76F4C0}"
EndProject
Project("{F2A71F9B-5D33-465A-A702-920D77279786}") = "build", "build\build.fsproj", "{C70093B5-7874-4B09-A5F9-41C47DE603B5}"
EndProject
Project("{FAE04EC0-301F-11D3-BF4B-00C04F79EFBC}") = "CSharpHelpers", "CSharpHelpers\CSharpHelpers.csproj", "{9699A34A-7D82-4453-BCE8-AD1DCE7B543D}"
EndProject
Project("{F2A71F9B-5D33-465A-A702-920D77279786}") = "Shared", "Shared\Shared.fsproj", "{61DD3D84-5E92-4AE2-A071-CE0EA0CB46B0}"
EndProject
Project("{F2A71F9B-5D33-465A-A702-920D77279786}") = "CWToolsPerformanceCLI", "CWToolsPerformanceCLI\CWToolsPerformanceCLI.fsproj", "{A4DB1265-5000-461E-BE8A-56C893CC3344}"
EndProject
Global
	GlobalSection(SolutionConfigurationPlatforms) = preSolution
		Debug|Any CPU = Debug|Any CPU
		Debug|x64 = Debug|x64
		Debug|x86 = Debug|x86
		Release|Any CPU = Release|Any CPU
		Release|x64 = Release|x64
		Release|x86 = Release|x86
	EndGlobalSection
	GlobalSection(ProjectConfigurationPlatforms) = postSolution
		{3F1CDDAF-D51F-49F0-9B59-A979C9AB1DB9}.Debug|Any CPU.ActiveCfg = Debug|Any CPU
		{3F1CDDAF-D51F-49F0-9B59-A979C9AB1DB9}.Debug|Any CPU.Build.0 = Debug|Any CPU
		{3F1CDDAF-D51F-49F0-9B59-A979C9AB1DB9}.Debug|x64.ActiveCfg = Debug|Any CPU
		{3F1CDDAF-D51F-49F0-9B59-A979C9AB1DB9}.Debug|x64.Build.0 = Debug|Any CPU
		{3F1CDDAF-D51F-49F0-9B59-A979C9AB1DB9}.Debug|x86.ActiveCfg = Debug|Any CPU
		{3F1CDDAF-D51F-49F0-9B59-A979C9AB1DB9}.Debug|x86.Build.0 = Debug|Any CPU
		{3F1CDDAF-D51F-49F0-9B59-A979C9AB1DB9}.Release|Any CPU.ActiveCfg = Release|Any CPU
		{3F1CDDAF-D51F-49F0-9B59-A979C9AB1DB9}.Release|Any CPU.Build.0 = Release|Any CPU
		{3F1CDDAF-D51F-49F0-9B59-A979C9AB1DB9}.Release|x64.ActiveCfg = Release|Any CPU
		{3F1CDDAF-D51F-49F0-9B59-A979C9AB1DB9}.Release|x64.Build.0 = Release|Any CPU
		{3F1CDDAF-D51F-49F0-9B59-A979C9AB1DB9}.Release|x86.ActiveCfg = Release|Any CPU
		{3F1CDDAF-D51F-49F0-9B59-A979C9AB1DB9}.Release|x86.Build.0 = Release|Any CPU
		{4D57C624-273D-4D38-8F1D-CE9AE1F2AA62}.Debug|Any CPU.ActiveCfg = Debug|Any CPU
		{4D57C624-273D-4D38-8F1D-CE9AE1F2AA62}.Debug|Any CPU.Build.0 = Debug|Any CPU
		{4D57C624-273D-4D38-8F1D-CE9AE1F2AA62}.Debug|x64.ActiveCfg = Debug|Any CPU
		{4D57C624-273D-4D38-8F1D-CE9AE1F2AA62}.Debug|x64.Build.0 = Debug|Any CPU
		{4D57C624-273D-4D38-8F1D-CE9AE1F2AA62}.Debug|x86.ActiveCfg = Debug|Any CPU
		{4D57C624-273D-4D38-8F1D-CE9AE1F2AA62}.Debug|x86.Build.0 = Debug|Any CPU
		{4D57C624-273D-4D38-8F1D-CE9AE1F2AA62}.Release|Any CPU.ActiveCfg = Release|Any CPU
		{4D57C624-273D-4D38-8F1D-CE9AE1F2AA62}.Release|Any CPU.Build.0 = Release|Any CPU
		{4D57C624-273D-4D38-8F1D-CE9AE1F2AA62}.Release|x64.ActiveCfg = Release|Any CPU
		{4D57C624-273D-4D38-8F1D-CE9AE1F2AA62}.Release|x64.Build.0 = Release|Any CPU
		{4D57C624-273D-4D38-8F1D-CE9AE1F2AA62}.Release|x86.ActiveCfg = Release|Any CPU
		{4D57C624-273D-4D38-8F1D-CE9AE1F2AA62}.Release|x86.Build.0 = Release|Any CPU
		{009331D5-9B95-4A35-8299-F4794796D984}.Debug|Any CPU.ActiveCfg = Debug|Any CPU
		{009331D5-9B95-4A35-8299-F4794796D984}.Debug|Any CPU.Build.0 = Debug|Any CPU
		{009331D5-9B95-4A35-8299-F4794796D984}.Debug|x64.ActiveCfg = Debug|Any CPU
		{009331D5-9B95-4A35-8299-F4794796D984}.Debug|x64.Build.0 = Debug|Any CPU
		{009331D5-9B95-4A35-8299-F4794796D984}.Debug|x86.ActiveCfg = Debug|Any CPU
		{009331D5-9B95-4A35-8299-F4794796D984}.Debug|x86.Build.0 = Debug|Any CPU
		{009331D5-9B95-4A35-8299-F4794796D984}.Release|Any CPU.ActiveCfg = Release|Any CPU
		{009331D5-9B95-4A35-8299-F4794796D984}.Release|Any CPU.Build.0 = Release|Any CPU
		{009331D5-9B95-4A35-8299-F4794796D984}.Release|x64.ActiveCfg = Release|Any CPU
		{009331D5-9B95-4A35-8299-F4794796D984}.Release|x64.Build.0 = Release|Any CPU
		{009331D5-9B95-4A35-8299-F4794796D984}.Release|x86.ActiveCfg = Release|Any CPU
		{009331D5-9B95-4A35-8299-F4794796D984}.Release|x86.Build.0 = Release|Any CPU
		{C286B479-2DD9-4F91-BDE3-6AC02B315BA9}.Debug|Any CPU.ActiveCfg = Debug|Any CPU
		{C286B479-2DD9-4F91-BDE3-6AC02B315BA9}.Debug|Any CPU.Build.0 = Debug|Any CPU
		{C286B479-2DD9-4F91-BDE3-6AC02B315BA9}.Debug|x64.ActiveCfg = Debug|Any CPU
		{C286B479-2DD9-4F91-BDE3-6AC02B315BA9}.Debug|x64.Build.0 = Debug|Any CPU
		{C286B479-2DD9-4F91-BDE3-6AC02B315BA9}.Debug|x86.ActiveCfg = Debug|Any CPU
		{C286B479-2DD9-4F91-BDE3-6AC02B315BA9}.Debug|x86.Build.0 = Debug|Any CPU
		{C286B479-2DD9-4F91-BDE3-6AC02B315BA9}.Release|Any CPU.ActiveCfg = Release|Any CPU
		{C286B479-2DD9-4F91-BDE3-6AC02B315BA9}.Release|Any CPU.Build.0 = Release|Any CPU
		{C286B479-2DD9-4F91-BDE3-6AC02B315BA9}.Release|x64.ActiveCfg = Release|Any CPU
		{C286B479-2DD9-4F91-BDE3-6AC02B315BA9}.Release|x64.Build.0 = Release|Any CPU
		{C286B479-2DD9-4F91-BDE3-6AC02B315BA9}.Release|x86.ActiveCfg = Release|Any CPU
		{C286B479-2DD9-4F91-BDE3-6AC02B315BA9}.Release|x86.Build.0 = Release|Any CPU
		{AA4D4200-D88E-4D55-B4DB-A4E4B557A0B2}.Debug|Any CPU.ActiveCfg = Debug|Any CPU
		{AA4D4200-D88E-4D55-B4DB-A4E4B557A0B2}.Debug|Any CPU.Build.0 = Debug|Any CPU
		{AA4D4200-D88E-4D55-B4DB-A4E4B557A0B2}.Debug|x64.ActiveCfg = Debug|Any CPU
		{AA4D4200-D88E-4D55-B4DB-A4E4B557A0B2}.Debug|x64.Build.0 = Debug|Any CPU
		{AA4D4200-D88E-4D55-B4DB-A4E4B557A0B2}.Debug|x86.ActiveCfg = Debug|Any CPU
		{AA4D4200-D88E-4D55-B4DB-A4E4B557A0B2}.Debug|x86.Build.0 = Debug|Any CPU
		{AA4D4200-D88E-4D55-B4DB-A4E4B557A0B2}.Release|Any CPU.ActiveCfg = Release|Any CPU
		{AA4D4200-D88E-4D55-B4DB-A4E4B557A0B2}.Release|Any CPU.Build.0 = Release|Any CPU
		{AA4D4200-D88E-4D55-B4DB-A4E4B557A0B2}.Release|x64.ActiveCfg = Release|Any CPU
		{AA4D4200-D88E-4D55-B4DB-A4E4B557A0B2}.Release|x64.Build.0 = Release|Any CPU
		{AA4D4200-D88E-4D55-B4DB-A4E4B557A0B2}.Release|x86.ActiveCfg = Release|Any CPU
		{AA4D4200-D88E-4D55-B4DB-A4E4B557A0B2}.Release|x86.Build.0 = Release|Any CPU
		{EA21F6FF-7ADD-4FBC-8F9B-8DF24F76F4C0}.Debug|Any CPU.ActiveCfg = Debug|Any CPU
		{EA21F6FF-7ADD-4FBC-8F9B-8DF24F76F4C0}.Debug|Any CPU.Build.0 = Debug|Any CPU
		{EA21F6FF-7ADD-4FBC-8F9B-8DF24F76F4C0}.Debug|x64.ActiveCfg = Debug|Any CPU
		{EA21F6FF-7ADD-4FBC-8F9B-8DF24F76F4C0}.Debug|x64.Build.0 = Debug|Any CPU
		{EA21F6FF-7ADD-4FBC-8F9B-8DF24F76F4C0}.Debug|x86.ActiveCfg = Debug|Any CPU
		{EA21F6FF-7ADD-4FBC-8F9B-8DF24F76F4C0}.Debug|x86.Build.0 = Debug|Any CPU
		{EA21F6FF-7ADD-4FBC-8F9B-8DF24F76F4C0}.Release|Any CPU.ActiveCfg = Release|Any CPU
		{EA21F6FF-7ADD-4FBC-8F9B-8DF24F76F4C0}.Release|Any CPU.Build.0 = Release|Any CPU
		{EA21F6FF-7ADD-4FBC-8F9B-8DF24F76F4C0}.Release|x64.ActiveCfg = Release|Any CPU
		{EA21F6FF-7ADD-4FBC-8F9B-8DF24F76F4C0}.Release|x64.Build.0 = Release|Any CPU
		{EA21F6FF-7ADD-4FBC-8F9B-8DF24F76F4C0}.Release|x86.ActiveCfg = Release|Any CPU
		{EA21F6FF-7ADD-4FBC-8F9B-8DF24F76F4C0}.Release|x86.Build.0 = Release|Any CPU
		{C70093B5-7874-4B09-A5F9-41C47DE603B5}.Debug|Any CPU.ActiveCfg = Debug|Any CPU
		{C70093B5-7874-4B09-A5F9-41C47DE603B5}.Debug|Any CPU.Build.0 = Debug|Any CPU
		{C70093B5-7874-4B09-A5F9-41C47DE603B5}.Debug|x64.ActiveCfg = Debug|Any CPU
		{C70093B5-7874-4B09-A5F9-41C47DE603B5}.Debug|x64.Build.0 = Debug|Any CPU
		{C70093B5-7874-4B09-A5F9-41C47DE603B5}.Debug|x86.ActiveCfg = Debug|Any CPU
		{C70093B5-7874-4B09-A5F9-41C47DE603B5}.Debug|x86.Build.0 = Debug|Any CPU
		{C70093B5-7874-4B09-A5F9-41C47DE603B5}.Release|Any CPU.ActiveCfg = Release|Any CPU
		{C70093B5-7874-4B09-A5F9-41C47DE603B5}.Release|Any CPU.Build.0 = Release|Any CPU
		{C70093B5-7874-4B09-A5F9-41C47DE603B5}.Release|x64.ActiveCfg = Release|Any CPU
		{C70093B5-7874-4B09-A5F9-41C47DE603B5}.Release|x64.Build.0 = Release|Any CPU
		{C70093B5-7874-4B09-A5F9-41C47DE603B5}.Release|x86.ActiveCfg = Release|Any CPU
		{C70093B5-7874-4B09-A5F9-41C47DE603B5}.Release|x86.Build.0 = Release|Any CPU
		{9699A34A-7D82-4453-BCE8-AD1DCE7B543D}.Debug|Any CPU.ActiveCfg = Debug|Any CPU
		{9699A34A-7D82-4453-BCE8-AD1DCE7B543D}.Debug|Any CPU.Build.0 = Debug|Any CPU
		{9699A34A-7D82-4453-BCE8-AD1DCE7B543D}.Debug|x64.ActiveCfg = Debug|Any CPU
		{9699A34A-7D82-4453-BCE8-AD1DCE7B543D}.Debug|x64.Build.0 = Debug|Any CPU
		{9699A34A-7D82-4453-BCE8-AD1DCE7B543D}.Debug|x86.ActiveCfg = Debug|Any CPU
		{9699A34A-7D82-4453-BCE8-AD1DCE7B543D}.Debug|x86.Build.0 = Debug|Any CPU
		{9699A34A-7D82-4453-BCE8-AD1DCE7B543D}.Release|Any CPU.ActiveCfg = Release|Any CPU
		{9699A34A-7D82-4453-BCE8-AD1DCE7B543D}.Release|Any CPU.Build.0 = Release|Any CPU
		{9699A34A-7D82-4453-BCE8-AD1DCE7B543D}.Release|x64.ActiveCfg = Release|Any CPU
		{9699A34A-7D82-4453-BCE8-AD1DCE7B543D}.Release|x64.Build.0 = Release|Any CPU
		{9699A34A-7D82-4453-BCE8-AD1DCE7B543D}.Release|x86.ActiveCfg = Release|Any CPU
		{9699A34A-7D82-4453-BCE8-AD1DCE7B543D}.Release|x86.Build.0 = Release|Any CPU
		{61DD3D84-5E92-4AE2-A071-CE0EA0CB46B0}.Debug|Any CPU.ActiveCfg = Debug|Any CPU
		{61DD3D84-5E92-4AE2-A071-CE0EA0CB46B0}.Debug|Any CPU.Build.0 = Debug|Any CPU
		{61DD3D84-5E92-4AE2-A071-CE0EA0CB46B0}.Debug|x64.ActiveCfg = Debug|Any CPU
		{61DD3D84-5E92-4AE2-A071-CE0EA0CB46B0}.Debug|x64.Build.0 = Debug|Any CPU
		{61DD3D84-5E92-4AE2-A071-CE0EA0CB46B0}.Debug|x86.ActiveCfg = Debug|Any CPU
		{61DD3D84-5E92-4AE2-A071-CE0EA0CB46B0}.Debug|x86.Build.0 = Debug|Any CPU
		{61DD3D84-5E92-4AE2-A071-CE0EA0CB46B0}.Release|Any CPU.ActiveCfg = Release|Any CPU
		{61DD3D84-5E92-4AE2-A071-CE0EA0CB46B0}.Release|Any CPU.Build.0 = Release|Any CPU
		{61DD3D84-5E92-4AE2-A071-CE0EA0CB46B0}.Release|x64.ActiveCfg = Release|Any CPU
		{61DD3D84-5E92-4AE2-A071-CE0EA0CB46B0}.Release|x64.Build.0 = Release|Any CPU
		{61DD3D84-5E92-4AE2-A071-CE0EA0CB46B0}.Release|x86.ActiveCfg = Release|Any CPU
		{61DD3D84-5E92-4AE2-A071-CE0EA0CB46B0}.Release|x86.Build.0 = Release|Any CPU
		{A4DB1265-5000-461E-BE8A-56C893CC3344}.Debug|Any CPU.ActiveCfg = Debug|Any CPU
		{A4DB1265-5000-461E-BE8A-56C893CC3344}.Debug|Any CPU.Build.0 = Debug|Any CPU
		{A4DB1265-5000-461E-BE8A-56C893CC3344}.Debug|x64.ActiveCfg = Debug|Any CPU
		{A4DB1265-5000-461E-BE8A-56C893CC3344}.Debug|x64.Build.0 = Debug|Any CPU
		{A4DB1265-5000-461E-BE8A-56C893CC3344}.Debug|x86.ActiveCfg = Debug|Any CPU
		{A4DB1265-5000-461E-BE8A-56C893CC3344}.Debug|x86.Build.0 = Debug|Any CPU
		{A4DB1265-5000-461E-BE8A-56C893CC3344}.Release|Any CPU.ActiveCfg = Release|Any CPU
		{A4DB1265-5000-461E-BE8A-56C893CC3344}.Release|Any CPU.Build.0 = Release|Any CPU
		{A4DB1265-5000-461E-BE8A-56C893CC3344}.Release|x64.ActiveCfg = Release|Any CPU
		{A4DB1265-5000-461E-BE8A-56C893CC3344}.Release|x64.Build.0 = Release|Any CPU
		{A4DB1265-5000-461E-BE8A-56C893CC3344}.Release|x86.ActiveCfg = Release|Any CPU
		{A4DB1265-5000-461E-BE8A-56C893CC3344}.Release|x86.Build.0 = Release|Any CPU
	EndGlobalSection
EndGlobal
