STORAGE: NONE
GITHUB
  remote: giraffe-fsharp/Giraffe
    src/Giraffe/GiraffeViewEngine.fs (612aa186c68101f532196817f67ebaa083c16146)
GROUP build
STORAGE: NONE
RESTRICTION: == net9.0
NUGET
  remote: https://api.nuget.org/v3/index.json
    BlackFox.VsWhere (1.1)
      FSharp.Core (>= 4.2.3)
      Microsoft.Win32.Registry (>= 4.7)
    Fake.Api.GitHub (6.1.4)
      FSharp.Core (>= 8.0.400)
      Octokit (>= 13.0.1)
    FAKE.Core (5.16)
    Fake.Core.CommandLineParsing (6.1.4)
      FParsec (>= 1.1.1)
      FSharp.Core (>= 8.0.400)
    Fake.Core.Context (6.1.4)
      FSharp.Core (>= 8.0.400)
    Fake.Core.Environment (6.1.4)
      FSharp.Core (>= 8.0.400)
    Fake.Core.FakeVar (6.1.4)
      Fake.Core.Context (>= 6.1.4)
      FSharp.Core (>= 8.0.400)
    Fake.Core.Process (6.1.4)
      Fake.Core.Environment (>= 6.1.4)
      Fake.Core.FakeVar (>= 6.1.4)
      Fake.Core.String (>= 6.1.4)
      Fake.Core.Trace (>= 6.1.4)
      Fake.IO.FileSystem (>= 6.1.4)
      FSharp.Core (>= 8.0.400)
      System.Collections.Immutable (>= 8.0)
    Fake.Core.ReleaseNotes (6.1.4)
      Fake.Core.SemVer (>= 6.1.4)
      Fake.Core.String (>= 6.1.4)
      FSharp.Core (>= 8.0.400)
    Fake.Core.SemVer (6.1.4)
      FSharp.Core (>= 8.0.400)
    Fake.Core.String (6.1.4)
      FSharp.Core (>= 8.0.400)
    Fake.Core.Target (6.1.4)
      Fake.Core.CommandLineParsing (>= 6.1.4)
      Fake.Core.Context (>= 6.1.4)
      Fake.Core.Environment (>= 6.1.4)
      Fake.Core.FakeVar (>= 6.1.4)
      Fake.Core.Process (>= 6.1.4)
      Fake.Core.String (>= 6.1.4)
      Fake.Core.Trace (>= 6.1.4)
      FSharp.Control.Reactive (>= 5.0.2)
      FSharp.Core (>= 8.0.400)
    Fake.Core.Tasks (6.1.4)
      Fake.Core.Trace (>= 6.1.4)
      FSharp.Core (>= 8.0.400)
    Fake.Core.Trace (6.1.4)
      Fake.Core.Environment (>= 6.1.4)
      Fake.Core.FakeVar (>= 6.1.4)
      FSharp.Core (>= 8.0.400)
    Fake.Core.UserInput (6.1.4)
      FSharp.Core (>= 8.0.400)
    Fake.Core.Xml (6.1.4)
      Fake.Core.String (>= 6.1.4)
      FSharp.Core (>= 8.0.400)
    Fake.DotNet.Cli (6.1.4)
      Fake.Core.Environment (>= 6.1.4)
      Fake.Core.Process (>= 6.1.4)
      Fake.Core.String (>= 6.1.4)
      Fake.Core.Trace (>= 6.1.4)
      Fake.DotNet.MSBuild (>= 6.1.4)
      Fake.DotNet.NuGet (>= 6.1.4)
      Fake.IO.FileSystem (>= 6.1.4)
      FSharp.Core (>= 8.0.400)
      Mono.Posix.NETStandard (>= 1.0)
    Fake.DotNet.MSBuild (6.1.4)
      BlackFox.VsWhere (>= 1.1)
      Fake.Core.Environment (>= 6.1.4)
      Fake.Core.Process (>= 6.1.4)
      Fake.Core.String (>= 6.1.4)
      Fake.Core.Trace (>= 6.1.4)
      Fake.IO.FileSystem (>= 6.1.4)
      FSharp.Core (>= 8.0.400)
      MSBuild.StructuredLogger (>= 2.1.815)
    Fake.DotNet.NuGet (6.1.4)
      Fake.Core.Environment (>= 6.1.4)
      Fake.Core.Process (>= 6.1.4)
      Fake.Core.SemVer (>= 6.1.4)
      Fake.Core.String (>= 6.1.4)
      Fake.Core.Tasks (>= 6.1.4)
      Fake.Core.Trace (>= 6.1.4)
      Fake.Core.Xml (>= 6.1.4)
      Fake.IO.FileSystem (>= 6.1.4)
      Fake.Net.Http (>= 6.1.4)
      FSharp.Core (>= 8.0.400)
      Newtonsoft.Json (>= 13.0.3)
      NuGet.Protocol (>= 6.12.4)
    Fake.DotNet.Paket (6.1.4)
      Fake.Core.Process (>= 6.1.4)
      Fake.Core.String (>= 6.1.4)
      Fake.Core.Trace (>= 6.1.4)
      Fake.DotNet.Cli (>= 6.1.4)
      Fake.IO.FileSystem (>= 6.1.4)
      FSharp.Core (>= 8.0.400)
    Fake.IO.FileSystem (6.1.4)
      Fake.Core.String (>= 6.1.4)
      Fake.Core.Trace (>= 6.1.4)
      FSharp.Core (>= 8.0.400)
    Fake.JavaScript.Npm (6.1.4)
      Fake.Core.Process (>= 6.1.4)
      Fake.Testing.Common (>= 6.1.4)
      FSharp.Core (>= 8.0.400)
    Fake.Net.Http (6.1.4)
      Fake.Core.Trace (>= 6.1.4)
      FSharp.Core (>= 8.0.400)
    Fake.Testing.Common (6.1.4)
      Fake.Core.Trace (>= 6.1.4)
      FSharp.Core (>= 8.0.400)
    Fake.Tools.Git (6.1.4)
      Fake.Core.Environment (>= 6.1.4)
      Fake.Core.Process (>= 6.1.4)
      Fake.Core.SemVer (>= 6.1.4)
      Fake.Core.String (>= 6.1.4)
      Fake.Core.Trace (>= 6.1.4)
      Fake.IO.FileSystem (>= 6.1.4)
      FSharp.Core (>= 8.0.400)
    FParsec (1.1.1)
      FSharp.Core (>= 4.3.4)
    FSharp.Collections.ParallelSeq (1.2)
      FSharp.Core (>= 5.0)
    FSharp.Control.Reactive (6.1.2)
      FSharp.Core (>= 6.0.7)
      System.Reactive (>= 6.0.1)
    FSharp.Core (10.0.100)
    Microsoft.Bcl.Cryptography (10.0)
    Microsoft.Build.Framework (18.0.2)
    Microsoft.Build.Utilities.Core (18.0.2)
      Microsoft.Build.Framework (>= 18.0.2)
    Microsoft.Win32.Registry (5.0)
      System.Security.AccessControl (>= 5.0)
      System.Security.Principal.Windows (>= 5.0)
    Mono.Posix.NETStandard (1.0)
    MSBuild.StructuredLogger (2.3.113)
      Microsoft.Build.Framework (>= 17.5)
      Microsoft.Build.Utilities.Core (>= 17.5)
      System.Collections.Immutable (>= 8.0)
    Newtonsoft.Json (13.0.4)
    NuGet.Common (7.0.1)
      NuGet.Frameworks (>= 7.0.1)
    NuGet.Configuration (7.0.1)
      NuGet.Common (>= 7.0.1)
      System.Security.Cryptography.ProtectedData (>= 9.0.6)
    NuGet.Frameworks (7.0.1)
    NuGet.Packaging (7.0.1)
      Newtonsoft.Json (>= 13.0.3)
      NuGet.Configuration (>= 7.0.1)
      NuGet.Versioning (>= 7.0.1)
      System.Security.Cryptography.Pkcs (>= 9.0.6)
    NuGet.Protocol (7.0.1)
      NuGet.Packaging (>= 7.0.1)
    NuGet.Versioning (7.0.1)
    Octokit (14.0)
    System.Collections.Immutable (10.0)
    System.Formats.Asn1 (10.0)
    System.Reactive (6.1)
    System.Security.AccessControl (6.0.1)
    System.Security.Cryptography.Pkcs (10.0)
      Microsoft.Bcl.Cryptography (>= 10.0)
      System.Formats.Asn1 (>= 10.0)
    System.Security.Cryptography.ProtectedData (10.0)
    System.Security.Principal.Windows (5.0)
