{
  "requires": true,
  "lockfileVersion": 1,
  "dependencies": {
    "@types/cytoscape": {
      "version": "3.1.4",
      "resolved": "https://registry.npmjs.org/@types/cytoscape/-/cytoscape-3.1.4.tgz",
      "integrity": "sha512-0vKt9GKBG8lH2fVV2W34t9QyJOCQMqW2r/c81g24SBYABM3e77YX0Vn2pogW10YV6D1DP2WuEaMGySVeLczF4g=="
    },
    "@types/dagre": {
      "version": "0.7.39",
      "resolved": "https://registry.npmjs.org/@types/dagre/-/dagre-0.7.39.tgz",
      "integrity": "sha512-pHEEzkxQZp1ta4a3n+/Llf1jdyeMpS5ournBmLctv+CQRmU8NOXLh1cKlYQfXLUrFqo5AGRvW1psd5QOgRSRrw=="
    },
    "@types/handlebars": {
      "version": "4.0.36",
      "resolved": "https://registry.npmjs.org/@types/handlebars/-/handlebars-4.0.36.tgz",
      "integrity": "sha512-LjNiTX7TY7wtuC6y3QwC93hKMuqYhgV9A1uXBKNvZtVC8ZvyWAjZkJ5BvT0K7RKqORRYRLMrqCxpw5RgS+MdrQ=="
    },
    "@types/jquery": {
      "version": "3.2.16",
      "resolved": "https://registry.npmjs.org/@types/jquery/-/jquery-3.2.16.tgz",
      "integrity": "sha512-q2WC02YxQoX2nY1HRKlYGHpGP1saPmD7GN0pwCDlTz35a4eOtJG+aHRlXyjCuXokUukSrR2aXyBhSW3j+jPc0A=="
    },
    "@types/qtip2": {
      "version": "2.2.29",
      "resolved": "https://registry.npmjs.org/@types/qtip2/-/qtip2-2.2.29.tgz",
      "integrity": "sha512-yZNbjqlxcnyjMKdwSdDp8B6FHI+2XQKeK/AIoeHZeOIZLfY/pOv4W8IliDY76J91sRqnp4GSk7yKOQuNNa13Yg==",
      "requires": {
        "@types/jquery": "3.2.16"
      }
    }
  }
}
